
Microsoft Visual Studio Solution File, Format Version 12.00
# Visual Studio Version 17
VisualStudioVersion = 17.0.31903.59
MinimumVisualStudioVersion = 10.0.40219.1
Project("{2150E333-8FDC-42A3-9474-1A3956D46DE8}") = "src", "src", "{D45F6712-5AF0-4F6C-908A-BD3C4D09FBC5}"
EndProject
Project("{FAE04EC0-301F-11D3-BF4B-00C04F79EFBC}") = "TaskManagementApp.Api", "src\TaskManagementApp.Api\TaskManagementApp.Api.csproj", "{429F588C-9826-4A19-BAE9-5205524D13CA}"
EndProject
Project("{FAE04EC0-301F-11D3-BF4B-00C04F79EFBC}") = "TaskManagementApp.Application", "src\TaskManagementApp.Application\TaskManagementApp.Application.csproj", "{5B6D3859-A58D-4D4F-8083-D01343CB7759}"
EndProject
Project("{FAE04EC0-301F-11D3-BF4B-00C04F79EFBC}") = "TaskManagementApp.Contracts", "src\TaskManagementApp.Contracts\TaskManagementApp.Contracts.csproj", "{7DD7E75A-23BD-44EE-BE26-523C94DB8DE8}"
EndProject
Project("{FAE04EC0-301F-11D3-BF4B-00C04F79EFBC}") = "TaskManagementApp.Domain", "src\TaskManagementApp.Domain\TaskManagementApp.Domain.csproj", "{C4E782CE-B49B-451A-A5B8-8670B28DF546}"
EndProject
Project("{FAE04EC0-301F-11D3-BF4B-00C04F79EFBC}") = "TaskManagementApp.Infrastructure", "src\TaskManagementApp.Infrastructure\TaskManagementApp.Infrastructure.csproj", "{7C0AA338-E6E5-498D-B161-B22A39C59668}"
EndProject
Project("{FAE04EC0-301F-11D3-BF4B-00C04F79EFBC}") = "TaskManagementApp.Worker", "src\TaskManagementApp.Worker\TaskManagementApp.Worker.csproj", "{2AF8CA40-7946-4DD1-875E-F0A5AB98C470}"
EndProject
Project("{2150E333-8FDC-42A3-9474-1A3956D46DE8}") = "Tests", "Tests", "{0AB3BF05-4346-4AA6-1389-037BE0695223}"
EndProject
Project("{FAE04EC0-301F-11D3-BF4B-00C04F79EFBC}") = "TaskManagementApp.Application.Tests", "Tests\TaskManagementApp.Application.Tests\TaskManagementApp.Application.Tests.csproj", "{881E2863-3640-4468-BF5D-72BD1E098BD4}"
EndProject
Project("{2150E333-8FDC-42A3-9474-1A3956D46DE8}") = "Solution Items", "Solution Items", "{02EA681E-C7D8-13C7-8484-4AC65E1B71E8}"
	ProjectSection(SolutionItems) = preProject
		.editorconfig = .editorconfig
	EndProjectSection
EndProject
Global
	GlobalSection(SolutionConfigurationPlatforms) = preSolution
		Debug|Any CPU = Debug|Any CPU
		Debug|x64 = Debug|x64
		Debug|x86 = Debug|x86
		Release|Any CPU = Release|Any CPU
		Release|x64 = Release|x64
		Release|x86 = Release|x86
	EndGlobalSection
	GlobalSection(ProjectConfigurationPlatforms) = postSolution
		{429F588C-9826-4A19-BAE9-5205524D13CA}.Debug|Any CPU.ActiveCfg = Debug|Any CPU
		{429F588C-9826-4A19-BAE9-5205524D13CA}.Debug|Any CPU.Build.0 = Debug|Any CPU
		{429F588C-9826-4A19-BAE9-5205524D13CA}.Debug|x64.ActiveCfg = Debug|Any CPU
		{429F588C-9826-4A19-BAE9-5205524D13CA}.Debug|x64.Build.0 = Debug|Any CPU
		{429F588C-9826-4A19-BAE9-5205524D13CA}.Debug|x86.ActiveCfg = Debug|Any CPU
		{429F588C-9826-4A19-BAE9-5205524D13CA}.Debug|x86.Build.0 = Debug|Any CPU
		{429F588C-9826-4A19-BAE9-5205524D13CA}.Release|Any CPU.ActiveCfg = Release|Any CPU
		{429F588C-9826-4A19-BAE9-5205524D13CA}.Release|Any CPU.Build.0 = Release|Any CPU
		{429F588C-9826-4A19-BAE9-5205524D13CA}.Release|x64.ActiveCfg = Release|Any CPU
		{429F588C-9826-4A19-BAE9-5205524D13CA}.Release|x64.Build.0 = Release|Any CPU
		{429F588C-9826-4A19-BAE9-5205524D13CA}.Release|x86.ActiveCfg = Release|Any CPU
		{429F588C-9826-4A19-BAE9-5205524D13CA}.Release|x86.Build.0 = Release|Any CPU
		{5B6D3859-A58D-4D4F-8083-D01343CB7759}.Debug|Any CPU.ActiveCfg = Debug|Any CPU
		{5B6D3859-A58D-4D4F-8083-D01343CB7759}.Debug|Any CPU.Build.0 = Debug|Any CPU
		{5B6D3859-A58D-4D4F-8083-D01343CB7759}.Debug|x64.ActiveCfg = Debug|Any CPU
		{5B6D3859-A58D-4D4F-8083-D01343CB7759}.Debug|x64.Build.0 = Debug|Any CPU
		{5B6D3859-A58D-4D4F-8083-D01343CB7759}.Debug|x86.ActiveCfg = Debug|Any CPU
		{5B6D3859-A58D-4D4F-8083-D01343CB7759}.Debug|x86.Build.0 = Debug|Any CPU
		{5B6D3859-A58D-4D4F-8083-D01343CB7759}.Release|Any CPU.ActiveCfg = Release|Any CPU
		{5B6D3859-A58D-4D4F-8083-D01343CB7759}.Release|Any CPU.Build.0 = Release|Any CPU
		{5B6D3859-A58D-4D4F-8083-D01343CB7759}.Release|x64.ActiveCfg = Release|Any CPU
		{5B6D3859-A58D-4D4F-8083-D01343CB7759}.Release|x64.Build.0 = Release|Any CPU
		{5B6D3859-A58D-4D4F-8083-D01343CB7759}.Release|x86.ActiveCfg = Release|Any CPU
		{5B6D3859-A58D-4D4F-8083-D01343CB7759}.Release|x86.Build.0 = Release|Any CPU
		{7DD7E75A-23BD-44EE-BE26-523C94DB8DE8}.Debug|Any CPU.ActiveCfg = Debug|Any CPU
		{7DD7E75A-23BD-44EE-BE26-523C94DB8DE8}.Debug|Any CPU.Build.0 = Debug|Any CPU
		{7DD7E75A-23BD-44EE-BE26-523C94DB8DE8}.Debug|x64.ActiveCfg = Debug|Any CPU
		{7DD7E75A-23BD-44EE-BE26-523C94DB8DE8}.Debug|x64.Build.0 = Debug|Any CPU
		{7DD7E75A-23BD-44EE-BE26-523C94DB8DE8}.Debug|x86.ActiveCfg = Debug|Any CPU
		{7DD7E75A-23BD-44EE-BE26-523C94DB8DE8}.Debug|x86.Build.0 = Debug|Any CPU
		{7DD7E75A-23BD-44EE-BE26-523C94DB8DE8}.Release|Any CPU.ActiveCfg = Release|Any CPU
		{7DD7E75A-23BD-44EE-BE26-523C94DB8DE8}.Release|Any CPU.Build.0 = Release|Any CPU
		{7DD7E75A-23BD-44EE-BE26-523C94DB8DE8}.Release|x64.ActiveCfg = Release|Any CPU
		{7DD7E75A-23BD-44EE-BE26-523C94DB8DE8}.Release|x64.Build.0 = Release|Any CPU
		{7DD7E75A-23BD-44EE-BE26-523C94DB8DE8}.Release|x86.ActiveCfg = Release|Any CPU
		{7DD7E75A-23BD-44EE-BE26-523C94DB8DE8}.Release|x86.Build.0 = Release|Any CPU
		{C4E782CE-B49B-451A-A5B8-8670B28DF546}.Debug|Any CPU.ActiveCfg = Debug|Any CPU
		{C4E782CE-B49B-451A-A5B8-8670B28DF546}.Debug|Any CPU.Build.0 = Debug|Any CPU
		{C4E782CE-B49B-451A-A5B8-8670B28DF546}.Debug|x64.ActiveCfg = Debug|Any CPU
		{C4E782CE-B49B-451A-A5B8-8670B28DF546}.Debug|x64.Build.0 = Debug|Any CPU
		{C4E782CE-B49B-451A-A5B8-8670B28DF546}.Debug|x86.ActiveCfg = Debug|Any CPU
		{C4E782CE-B49B-451A-A5B8-8670B28DF546}.Debug|x86.Build.0 = Debug|Any CPU
		{C4E782CE-B49B-451A-A5B8-8670B28DF546}.Release|Any CPU.ActiveCfg = Release|Any CPU
		{C4E782CE-B49B-451A-A5B8-8670B28DF546}.Release|Any CPU.Build.0 = Release|Any CPU
		{C4E782CE-B49B-451A-A5B8-8670B28DF546}.Release|x64.ActiveCfg = Release|Any CPU
		{C4E782CE-B49B-451A-A5B8-8670B28DF546}.Release|x64.Build.0 = Release|Any CPU
		{C4E782CE-B49B-451A-A5B8-8670B28DF546}.Release|x86.ActiveCfg = Release|Any CPU
		{C4E782CE-B49B-451A-A5B8-8670B28DF546}.Release|x86.Build.0 = Release|Any CPU
		{7C0AA338-E6E5-498D-B161-B22A39C59668}.Debug|Any CPU.ActiveCfg = Debug|Any CPU
		{7C0AA338-E6E5-498D-B161-B22A39C59668}.Debug|Any CPU.Build.0 = Debug|Any CPU
		{7C0AA338-E6E5-498D-B161-B22A39C59668}.Debug|x64.ActiveCfg = Debug|Any CPU
		{7C0AA338-E6E5-498D-B161-B22A39C59668}.Debug|x64.Build.0 = Debug|Any CPU
		{7C0AA338-E6E5-498D-B161-B22A39C59668}.Debug|x86.ActiveCfg = Debug|Any CPU
		{7C0AA338-E6E5-498D-B161-B22A39C59668}.Debug|x86.Build.0 = Debug|Any CPU
		{7C0AA338-E6E5-498D-B161-B22A39C59668}.Release|Any CPU.ActiveCfg = Release|Any CPU
		{7C0AA338-E6E5-498D-B161-B22A39C59668}.Release|Any CPU.Build.0 = Release|Any CPU
		{7C0AA338-E6E5-498D-B161-B22A39C59668}.Release|x64.ActiveCfg = Release|Any CPU
		{7C0AA338-E6E5-498D-B161-B22A39C59668}.Release|x64.Build.0 = Release|Any CPU
		{7C0AA338-E6E5-498D-B161-B22A39C59668}.Release|x86.ActiveCfg = Release|Any CPU
		{7C0AA338-E6E5-498D-B161-B22A39C59668}.Release|x86.Build.0 = Release|Any CPU
		{2AF8CA40-7946-4DD1-875E-F0A5AB98C470}.Debug|Any CPU.ActiveCfg = Debug|Any CPU
		{2AF8CA40-7946-4DD1-875E-F0A5AB98C470}.Debug|Any CPU.Build.0 = Debug|Any CPU
		{2AF8CA40-7946-4DD1-875E-F0A5AB98C470}.Debug|x64.ActiveCfg = Debug|Any CPU
		{2AF8CA40-7946-4DD1-875E-F0A5AB98C470}.Debug|x64.Build.0 = Debug|Any CPU
		{2AF8CA40-7946-4DD1-875E-F0A5AB98C470}.Debug|x86.ActiveCfg = Debug|Any CPU
		{2AF8CA40-7946-4DD1-875E-F0A5AB98C470}.Debug|x86.Build.0 = Debug|Any CPU
		{2AF8CA40-7946-4DD1-875E-F0A5AB98C470}.Release|Any CPU.ActiveCfg = Release|Any CPU
		{2AF8CA40-7946-4DD1-875E-F0A5AB98C470}.Release|Any CPU.Build.0 = Release|Any CPU
		{2AF8CA40-7946-4DD1-875E-F0A5AB98C470}.Release|x64.ActiveCfg = Release|Any CPU
		{2AF8CA40-7946-4DD1-875E-F0A5AB98C470}.Release|x64.Build.0 = Release|Any CPU
		{2AF8CA40-7946-4DD1-875E-F0A5AB98C470}.Release|x86.ActiveCfg = Release|Any CPU
		{2AF8CA40-7946-4DD1-875E-F0A5AB98C470}.Release|x86.Build.0 = Release|Any CPU
		{881E2863-3640-4468-BF5D-72BD1E098BD4}.Debug|Any CPU.ActiveCfg = Debug|Any CPU
		{881E2863-3640-4468-BF5D-72BD1E098BD4}.Debug|Any CPU.Build.0 = Debug|Any CPU
		{881E2863-3640-4468-BF5D-72BD1E098BD4}.Debug|x64.ActiveCfg = Debug|Any CPU
		{881E2863-3640-4468-BF5D-72BD1E098BD4}.Debug|x64.Build.0 = Debug|Any CPU
		{881E2863-3640-4468-BF5D-72BD1E098BD4}.Debug|x86.ActiveCfg = Debug|Any CPU
		{881E2863-3640-4468-BF5D-72BD1E098BD4}.Debug|x86.Build.0 = Debug|Any CPU
		{881E2863-3640-4468-BF5D-72BD1E098BD4}.Release|Any CPU.ActiveCfg = Release|Any CPU
		{881E2863-3640-4468-BF5D-72BD1E098BD4}.Release|Any CPU.Build.0 = Release|Any CPU
		{881E2863-3640-4468-BF5D-72BD1E098BD4}.Release|x64.ActiveCfg = Release|Any CPU
		{881E2863-3640-4468-BF5D-72BD1E098BD4}.Release|x64.Build.0 = Release|Any CPU
		{881E2863-3640-4468-BF5D-72BD1E098BD4}.Release|x86.ActiveCfg = Release|Any CPU
		{881E2863-3640-4468-BF5D-72BD1E098BD4}.Release|x86.Build.0 = Release|Any CPU
	EndGlobalSection
	GlobalSection(SolutionProperties) = preSolution
		HideSolutionNode = FALSE
	EndGlobalSection
	GlobalSection(NestedProjects) = preSolution
		{429F588C-9826-4A19-BAE9-5205524D13CA} = {D45F6712-5AF0-4F6C-908A-BD3C4D09FBC5}
		{5B6D3859-A58D-4D4F-8083-D01343CB7759} = {D45F6712-5AF0-4F6C-908A-BD3C4D09FBC5}
		{7DD7E75A-23BD-44EE-BE26-523C94DB8DE8} = {D45F6712-5AF0-4F6C-908A-BD3C4D09FBC5}
		{C4E782CE-B49B-451A-A5B8-8670B28DF546} = {D45F6712-5AF0-4F6C-908A-BD3C4D09FBC5}
		{7C0AA338-E6E5-498D-B161-B22A39C59668} = {D45F6712-5AF0-4F6C-908A-BD3C4D09FBC5}
		{2AF8CA40-7946-4DD1-875E-F0A5AB98C470} = {D45F6712-5AF0-4F6C-908A-BD3C4D09FBC5}
		{881E2863-3640-4468-BF5D-72BD1E098BD4} = {0AB3BF05-4346-4AA6-1389-037BE0695223}
	EndGlobalSection
EndGlobal
